
Microsoft Visual Studio Solution File, Format Version 12.00
# Visual Studio 15
VisualStudioVersion = 15.0.28307.102
MinimumVisualStudioVersion = 10.0.40219.1
Project("{8BC9CEB8-8B4A-11D0-8D11-00A0C91BC942}") = "norton", "norton\norton.vcxproj", "{4EACB83D-E099-4F9D-8DD9-C664E07C4FBB}"
EndProject
Project("{8BC9CEB8-8B4A-11D0-8D11-00A0C91BC942}") = "test_dll", "test_dll\test_dll.vcxproj", "{677DBA8B-0A10-4D1A-B9D6-62B731661B8B}"
EndProject
Global
	GlobalSection(SolutionConfigurationPlatforms) = preSolution
		Debug|x64 = Debug|x64
		Debug|x86 = Debug|x86
		Release|x64 = Release|x64
		Release|x86 = Release|x86
	EndGlobalSection
	GlobalSection(ProjectConfigurationPlatforms) = postSolution
		{4EACB83D-E099-4F9D-8DD9-C664E07C4FBB}.Debug|x64.ActiveCfg = Debug|x64
		{4EACB83D-E099-4F9D-8DD9-C664E07C4FBB}.Debug|x64.Build.0 = Debug|x64
		{4EACB83D-E099-4F9D-8DD9-C664E07C4FBB}.Debug|x86.ActiveCfg = Debug|Win32
		{4EACB83D-E099-4F9D-8DD9-C664E07C4FBB}.Debug|x86.Build.0 = Debug|Win32
		{4EACB83D-E099-4F9D-8DD9-C664E07C4FBB}.Release|x64.ActiveCfg = Release|x64
		{4EACB83D-E099-4F9D-8DD9-C664E07C4FBB}.Release|x64.Build.0 = Release|x64
		{4EACB83D-E099-4F9D-8DD9-C664E07C4FBB}.Release|x86.ActiveCfg = Release|Win32
		{4EACB83D-E099-4F9D-8DD9-C664E07C4FBB}.Release|x86.Build.0 = Release|Win32
		{677DBA8B-0A10-4D1A-B9D6-62B731661B8B}.Debug|x64.ActiveCfg = Debug|x64
		{677DBA8B-0A10-4D1A-B9D6-62B731661B8B}.Debug|x64.Build.0 = Debug|x64
		{677DBA8B-0A10-4D1A-B9D6-62B731661B8B}.Debug|x86.ActiveCfg = Debug|Win32
		{677DBA8B-0A10-4D1A-B9D6-62B731661B8B}.Debug|x86.Build.0 = Debug|Win32
		{677DBA8B-0A10-4D1A-B9D6-62B731661B8B}.Release|x64.ActiveCfg = Release|x64
		{677DBA8B-0A10-4D1A-B9D6-62B731661B8B}.Release|x64.Build.0 = Release|x64
		{677DBA8B-0A10-4D1A-B9D6-62B731661B8B}.Release|x86.ActiveCfg = Release|Win32
		{677DBA8B-0A10-4D1A-B9D6-62B731661B8B}.Release|x86.Build.0 = Release|Win32
	EndGlobalSection
	GlobalSection(SolutionProperties) = preSolution
		HideSolutionNode = FALSE
	EndGlobalSection
	GlobalSection(ExtensibilityGlobals) = postSolution
		SolutionGuid = {2A63F005-A739-4BAD-8AE2-BFBF7AE623FE}
	EndGlobalSection
EndGlobal
